Microsoft Visual Studio Solution File, Format Version 12.00
# Visual Studio 2013
VisualStudioVersion = 12.0.31101.0
MinimumVisualStudioVersion = 10.0.40219.1
Project("{FAE04EC0-301F-11D3-BF4B-00C04F79EFBC}") = "K3po.WindowsPhone", "K3po.WindowsPhone\K3po.WindowsPhone.csproj", "{9D6AD3A0-F327-4FF7-9ED4-BCEE86751D83}"
EndProject
Project("{FAE04EC0-301F-11D3-BF4B-00C04F79EFBC}") = "K3po.Control.WindowsPhone", "K3po.Control.WindowsPhone\K3po.Control.WindowsPhone.csproj", "{4F186F77-2CFC-466C-AD39-B10558DC39C2}"
EndProject
Project("{FAE04EC0-301F-11D3-BF4B-00C04F79EFBC}") = "K3po.WindowsPhone.Sample", "K3po.WindowsPhone.Sample\K3po.WindowsPhone.Sample.csproj", "{D4AB5786-F9D8-43D6-AF8D-215E9EDCBC7C}"
EndProject
Global
	GlobalSection(SolutionConfigurationPlatforms) = preSolution
		Debug|Any CPU = Debug|Any CPU
		Debug|ARM = Debug|ARM
		Debug|Mixed Platforms = Debug|Mixed Platforms
		Debug|x86 = Debug|x86
		Release|Any CPU = Release|Any CPU
		Release|ARM = Release|ARM
		Release|Mixed Platforms = Release|Mixed Platforms
		Release|x86 = Release|x86
	EndGlobalSection
	GlobalSection(ProjectConfigurationPlatforms) = postSolution
		{9D6AD3A0-F327-4FF7-9ED4-BCEE86751D83}.Debug|Any CPU.ActiveCfg = Debug|Any CPU
		{9D6AD3A0-F327-4FF7-9ED4-BCEE86751D83}.Debug|Any CPU.Build.0 = Debug|Any CPU
		{9D6AD3A0-F327-4FF7-9ED4-BCEE86751D83}.Debug|ARM.ActiveCfg = Debug|ARM
		{9D6AD3A0-F327-4FF7-9ED4-BCEE86751D83}.Debug|ARM.Build.0 = Debug|ARM
		{9D6AD3A0-F327-4FF7-9ED4-BCEE86751D83}.Debug|Mixed Platforms.ActiveCfg = Debug|x86
		{9D6AD3A0-F327-4FF7-9ED4-BCEE86751D83}.Debug|Mixed Platforms.Build.0 = Debug|x86
		{9D6AD3A0-F327-4FF7-9ED4-BCEE86751D83}.Debug|x86.ActiveCfg = Debug|x86
		{9D6AD3A0-F327-4FF7-9ED4-BCEE86751D83}.Debug|x86.Build.0 = Debug|x86
		{9D6AD3A0-F327-4FF7-9ED4-BCEE86751D83}.Release|Any CPU.ActiveCfg = Release|Any CPU
		{9D6AD3A0-F327-4FF7-9ED4-BCEE86751D83}.Release|Any CPU.Build.0 = Release|Any CPU
		{9D6AD3A0-F327-4FF7-9ED4-BCEE86751D83}.Release|ARM.ActiveCfg = Release|ARM
		{9D6AD3A0-F327-4FF7-9ED4-BCEE86751D83}.Release|ARM.Build.0 = Release|ARM
		{9D6AD3A0-F327-4FF7-9ED4-BCEE86751D83}.Release|Mixed Platforms.ActiveCfg = Release|x86
		{9D6AD3A0-F327-4FF7-9ED4-BCEE86751D83}.Release|Mixed Platforms.Build.0 = Release|x86
		{9D6AD3A0-F327-4FF7-9ED4-BCEE86751D83}.Release|x86.ActiveCfg = Release|x86
		{9D6AD3A0-F327-4FF7-9ED4-BCEE86751D83}.Release|x86.Build.0 = Release|x86
		{4F186F77-2CFC-466C-AD39-B10558DC39C2}.Debug|Any CPU.ActiveCfg = Debug|Any CPU
		{4F186F77-2CFC-466C-AD39-B10558DC39C2}.Debug|Any CPU.Build.0 = Debug|Any CPU
		{4F186F77-2CFC-466C-AD39-B10558DC39C2}.Debug|ARM.ActiveCfg = Debug|ARM
		{4F186F77-2CFC-466C-AD39-B10558DC39C2}.Debug|ARM.Build.0 = Debug|ARM
		{4F186F77-2CFC-466C-AD39-B10558DC39C2}.Debug|Mixed Platforms.ActiveCfg = Debug|x86
		{4F186F77-2CFC-466C-AD39-B10558DC39C2}.Debug|Mixed Platforms.Build.0 = Debug|x86
		{4F186F77-2CFC-466C-AD39-B10558DC39C2}.Debug|x86.ActiveCfg = Debug|x86
		{4F186F77-2CFC-466C-AD39-B10558DC39C2}.Debug|x86.Build.0 = Debug|x86
		{4F186F77-2CFC-466C-AD39-B10558DC39C2}.Release|Any CPU.ActiveCfg = Release|Any CPU
		{4F186F77-2CFC-466C-AD39-B10558DC39C2}.Release|Any CPU.Build.0 = Release|Any CPU
		{4F186F77-2CFC-466C-AD39-B10558DC39C2}.Release|ARM.ActiveCfg = Release|ARM
		{4F186F77-2CFC-466C-AD39-B10558DC39C2}.Release|ARM.Build.0 = Release|ARM
		{4F186F77-2CFC-466C-AD39-B10558DC39C2}.Release|Mixed Platforms.ActiveCfg = Release|x86
		{4F186F77-2CFC-466C-AD39-B10558DC39C2}.Release|Mixed Platforms.Build.0 = Release|x86
		{4F186F77-2CFC-466C-AD39-B10558DC39C2}.Release|x86.ActiveCfg = Release|x86
		{4F186F77-2CFC-466C-AD39-B10558DC39C2}.Release|x86.Build.0 = Release|x86
		{D4AB5786-F9D8-43D6-AF8D-215E9EDCBC7C}.Debug|Any CPU.ActiveCfg = Debug|x86
		{D4AB5786-F9D8-43D6-AF8D-215E9EDCBC7C}.Debug|ARM.ActiveCfg = Debug|ARM
		{D4AB5786-F9D8-43D6-AF8D-215E9EDCBC7C}.Debug|ARM.Build.0 = Debug|ARM
		{D4AB5786-F9D8-43D6-AF8D-215E9EDCBC7C}.Debug|ARM.Deploy.0 = Debug|ARM
		{D4AB5786-F9D8-43D6-AF8D-215E9EDCBC7C}.Debug|Mixed Platforms.ActiveCfg = Debug|x86
		{D4AB5786-F9D8-43D6-AF8D-215E9EDCBC7C}.Debug|Mixed Platforms.Build.0 = Debug|x86
		{D4AB5786-F9D8-43D6-AF8D-215E9EDCBC7C}.Debug|Mixed Platforms.Deploy.0 = Debug|x86
		{D4AB5786-F9D8-43D6-AF8D-215E9EDCBC7C}.Debug|x86.ActiveCfg = Debug|x86
		{D4AB5786-F9D8-43D6-AF8D-215E9EDCBC7C}.Debug|x86.Build.0 = Debug|x86
		{D4AB5786-F9D8-43D6-AF8D-215E9EDCBC7C}.Debug|x86.Deploy.0 = Debug|x86
		{D4AB5786-F9D8-43D6-AF8D-215E9EDCBC7C}.Release|Any CPU.ActiveCfg = Release|x86
		{D4AB5786-F9D8-43D6-AF8D-215E9EDCBC7C}.Release|ARM.ActiveCfg = Release|ARM
		{D4AB5786-F9D8-43D6-AF8D-215E9EDCBC7C}.Release|ARM.Build.0 = Release|ARM
		{D4AB5786-F9D8-43D6-AF8D-215E9EDCBC7C}.Release|ARM.Deploy.0 = Release|ARM
		{D4AB5786-F9D8-43D6-AF8D-215E9EDCBC7C}.Release|Mixed Platforms.ActiveCfg = Release|x86
		{D4AB5786-F9D8-43D6-AF8D-215E9EDCBC7C}.Release|Mixed Platforms.Build.0 = Release|x86
		{D4AB5786-F9D8-43D6-AF8D-215E9EDCBC7C}.Release|Mixed Platforms.Deploy.0 = Release|x86
		{D4AB5786-F9D8-43D6-AF8D-215E9EDCBC7C}.Release|x86.ActiveCfg = Release|x86
		{D4AB5786-F9D8-43D6-AF8D-215E9EDCBC7C}.Release|x86.Build.0 = Release|x86
		{D4AB5786-F9D8-43D6-AF8D-215E9EDCBC7C}.Release|x86.Deploy.0 = Release|x86
	EndGlobalSection
	GlobalSection(SolutionProperties) = preSolution
		HideSolutionNode = FALSE
	EndGlobalSection
EndGlobal
