
Microsoft Visual Studio Solution File, Format Version 12.00
# Visual Studio 2013
VisualStudioVersion = 12.0.31101.0
MinimumVisualStudioVersion = 10.0.40219.1
Project("{FAE04EC0-301F-11D3-BF4B-00C04F79EFBC}") = "K3po.Xamarin", "K3po.Xamarin\K3po.Xamarin.csproj", "{783E787E-8BAD-4F30-BE43-456BA70D90BE}"
EndProject
Project("{FAE04EC0-301F-11D3-BF4B-00C04F79EFBC}") = "K3po.Control", "K3po.Control\K3po.Control.csproj", "{4A6999F6-63EA-423E-B968-AD40C9EF67AF}"
EndProject
Project("{FAE04EC0-301F-11D3-BF4B-00C04F79EFBC}") = "K3po.Xamarin.Sample", "Sample\K3po.Xamarin.Sample\K3po.Xamarin.Sample.csproj", "{7E2197D8-8A09-4EA4-914D-029C2AC80B65}"
EndProject
Global
	GlobalSection(SolutionConfigurationPlatforms) = preSolution
		Debug|Any CPU = Debug|Any CPU
		Release|Any CPU = Release|Any CPU
	EndGlobalSection
	GlobalSection(ProjectConfigurationPlatforms) = postSolution
		{783E787E-8BAD-4F30-BE43-456BA70D90BE}.Debug|Any CPU.ActiveCfg = Debug|Any CPU
		{783E787E-8BAD-4F30-BE43-456BA70D90BE}.Debug|Any CPU.Build.0 = Debug|Any CPU
		{783E787E-8BAD-4F30-BE43-456BA70D90BE}.Release|Any CPU.ActiveCfg = Release|Any CPU
		{783E787E-8BAD-4F30-BE43-456BA70D90BE}.Release|Any CPU.Build.0 = Release|Any CPU
		{4A6999F6-63EA-423E-B968-AD40C9EF67AF}.Debug|Any CPU.ActiveCfg = Debug|Any CPU
		{4A6999F6-63EA-423E-B968-AD40C9EF67AF}.Debug|Any CPU.Build.0 = Debug|Any CPU
		{4A6999F6-63EA-423E-B968-AD40C9EF67AF}.Release|Any CPU.ActiveCfg = Release|Any CPU
		{4A6999F6-63EA-423E-B968-AD40C9EF67AF}.Release|Any CPU.Build.0 = Release|Any CPU
		{7E2197D8-8A09-4EA4-914D-029C2AC80B65}.Debug|Any CPU.ActiveCfg = Debug|Any CPU
		{7E2197D8-8A09-4EA4-914D-029C2AC80B65}.Debug|Any CPU.Build.0 = Debug|Any CPU
		{7E2197D8-8A09-4EA4-914D-029C2AC80B65}.Debug|Any CPU.Deploy.0 = Debug|Any CPU
		{7E2197D8-8A09-4EA4-914D-029C2AC80B65}.Release|Any CPU.ActiveCfg = Release|Any CPU
		{7E2197D8-8A09-4EA4-914D-029C2AC80B65}.Release|Any CPU.Build.0 = Release|Any CPU
		{7E2197D8-8A09-4EA4-914D-029C2AC80B65}.Release|Any CPU.Deploy.0 = Release|Any CPU
	EndGlobalSection
	GlobalSection(SolutionProperties) = preSolution
		HideSolutionNode = FALSE
	EndGlobalSection
EndGlobal
