Microsoft Visual Studio Solution File, Format Version 12.00
# Visual Studio 2013
VisualStudioVersion = 12.0.31101.0
MinimumVisualStudioVersion = 10.0.40219.1
Project("{FAE04EC0-301F-11D3-BF4B-00C04F79EFBC}") = "K3po.Control", "K3po.Control\K3po.Control.csproj", "{4A6999F6-63EA-423E-B968-AD40C9EF67AF}"
EndProject
Project("{FAE04EC0-301F-11D3-BF4B-00C04F79EFBC}") = "K3po.NUnit", "K3po.NUnit\K3po.NUnit.csproj", "{BC1ECDDD-9744-468A-A59F-A944084583BE}"
EndProject
Project("{2150E333-8FDC-42A3-9474-1A3956D46DE8}") = "Sample", "Sample", "{5E1CA5BB-9670-4548-A50F-ED243FFE4EEC}"
EndProject
Project("{FAE04EC0-301F-11D3-BF4B-00C04F79EFBC}") = "K3po.NUnit.Sample", "Sample\K3po.NUnit.Sample.csproj", "{DB40D108-183D-46E8-8BAE-B04731B6B73F}"
EndProject
Project("{FAE04EC0-301F-11D3-BF4B-00C04F79EFBC}") = "K3po.Xamarin", "K3po.Xamarin\K3po.Xamarin.csproj", "{783E787E-8BAD-4F30-BE43-456BA70D90BE}"
EndProject
Project("{FAE04EC0-301F-11D3-BF4B-00C04F79EFBC}") = "K3po.Xamarin.Sample", "Sample\K3po.Xamarin.Sample\K3po.Xamarin.Sample.csproj", "{7E2197D8-8A09-4EA4-914D-029C2AC80B65}"
EndProject
Global
	GlobalSection(SolutionConfigurationPlatforms) = preSolution
		Debug|Any CPU = Debug|Any CPU
		Release|Any CPU = Release|Any CPU
	EndGlobalSection
	GlobalSection(ProjectConfigurationPlatforms) = postSolution
		{4A6999F6-63EA-423E-B968-AD40C9EF67AF}.Debug|Any CPU.ActiveCfg = Debug|Any CPU
		{4A6999F6-63EA-423E-B968-AD40C9EF67AF}.Debug|Any CPU.Build.0 = Debug|Any CPU
		{4A6999F6-63EA-423E-B968-AD40C9EF67AF}.Release|Any CPU.ActiveCfg = Release|Any CPU
		{4A6999F6-63EA-423E-B968-AD40C9EF67AF}.Release|Any CPU.Build.0 = Release|Any CPU
		{BC1ECDDD-9744-468A-A59F-A944084583BE}.Debug|Any CPU.ActiveCfg = Debug|Any CPU
		{BC1ECDDD-9744-468A-A59F-A944084583BE}.Debug|Any CPU.Build.0 = Debug|Any CPU
		{BC1ECDDD-9744-468A-A59F-A944084583BE}.Release|Any CPU.ActiveCfg = Release|Any CPU
		{BC1ECDDD-9744-468A-A59F-A944084583BE}.Release|Any CPU.Build.0 = Release|Any CPU
		{DB40D108-183D-46E8-8BAE-B04731B6B73F}.Debug|Any CPU.ActiveCfg = Debug|Any CPU
		{DB40D108-183D-46E8-8BAE-B04731B6B73F}.Debug|Any CPU.Build.0 = Debug|Any CPU
		{DB40D108-183D-46E8-8BAE-B04731B6B73F}.Release|Any CPU.ActiveCfg = Release|Any CPU
		{DB40D108-183D-46E8-8BAE-B04731B6B73F}.Release|Any CPU.Build.0 = Release|Any CPU
		{783E787E-8BAD-4F30-BE43-456BA70D90BE}.Debug|Any CPU.ActiveCfg = Debug|Any CPU
		{783E787E-8BAD-4F30-BE43-456BA70D90BE}.Debug|Any CPU.Build.0 = Debug|Any CPU
		{783E787E-8BAD-4F30-BE43-456BA70D90BE}.Release|Any CPU.ActiveCfg = Release|Any CPU
		{783E787E-8BAD-4F30-BE43-456BA70D90BE}.Release|Any CPU.Build.0 = Release|Any CPU
		{7E2197D8-8A09-4EA4-914D-029C2AC80B65}.Debug|Any CPU.ActiveCfg = Debug|Any CPU
		{7E2197D8-8A09-4EA4-914D-029C2AC80B65}.Debug|Any CPU.Build.0 = Debug|Any CPU
		{7E2197D8-8A09-4EA4-914D-029C2AC80B65}.Debug|Any CPU.Deploy.0 = Debug|Any CPU
		{7E2197D8-8A09-4EA4-914D-029C2AC80B65}.Release|Any CPU.ActiveCfg = Release|Any CPU
		{7E2197D8-8A09-4EA4-914D-029C2AC80B65}.Release|Any CPU.Build.0 = Release|Any CPU
		{7E2197D8-8A09-4EA4-914D-029C2AC80B65}.Release|Any CPU.Deploy.0 = Release|Any CPU
	EndGlobalSection
	GlobalSection(SolutionProperties) = preSolution
		HideSolutionNode = FALSE
	EndGlobalSection
	GlobalSection(NestedProjects) = preSolution
		{DB40D108-183D-46E8-8BAE-B04731B6B73F} = {5E1CA5BB-9670-4548-A50F-ED243FFE4EEC}
		{7E2197D8-8A09-4EA4-914D-029C2AC80B65} = {5E1CA5BB-9670-4548-A50F-ED243FFE4EEC}
	EndGlobalSection
EndGlobal
