
Microsoft Visual Studio Solution File, Format Version 11.00
# Visual Studio 2010
Project("{FAE04EC0-301F-11D3-BF4B-00C04F79EFBC}") = "Kaazing.Robot.NUnit", "Kaazing.Robot.NUnit.csproj", "{BC1ECDDD-9744-468A-A59F-A944084583BE}"
EndProject
Project("{FAE04EC0-301F-11D3-BF4B-00C04F79EFBC}") = "Kaazing.Robot.Control", "..\Kaazing.Robot.Control\Kaazing.Robot.Control.csproj", "{4A6999F6-63EA-423E-B968-AD40C9EF67AF}"
EndProject
Project("{FAE04EC0-301F-11D3-BF4B-00C04F79EFBC}") = "Kaazing.JMS.Tests", "..\..\..\..\..\..\Development\Source\trunk\client\dotnet\jms.client.dotnet\UnitTestProject\Kaazing.JMS.Tests.csproj", "{9D4F255D-8200-42AD-9824-4AA02E3A3663}"
EndProject
Project("{FAE04EC0-301F-11D3-BF4B-00C04F79EFBC}") = "Kaazing.JMS", "..\..\..\..\..\..\Development\Source\trunk\client\dotnet\jms.client.dotnet\Kaazing.JMS.csproj", "{0F3182D9-7F1E-421D-8410-A29E917600DE}"
EndProject
Global
	GlobalSection(SolutionConfigurationPlatforms) = preSolution
		Debug|Any CPU = Debug|Any CPU
		Release|Any CPU = Release|Any CPU
	EndGlobalSection
	GlobalSection(ProjectConfigurationPlatforms) = postSolution
		{BC1ECDDD-9744-468A-A59F-A944084583BE}.Debug|Any CPU.ActiveCfg = Debug|Any CPU
		{BC1ECDDD-9744-468A-A59F-A944084583BE}.Debug|Any CPU.Build.0 = Debug|Any CPU
		{BC1ECDDD-9744-468A-A59F-A944084583BE}.Release|Any CPU.ActiveCfg = Release|Any CPU
		{BC1ECDDD-9744-468A-A59F-A944084583BE}.Release|Any CPU.Build.0 = Release|Any CPU
		{4A6999F6-63EA-423E-B968-AD40C9EF67AF}.Debug|Any CPU.ActiveCfg = Debug|Any CPU
		{4A6999F6-63EA-423E-B968-AD40C9EF67AF}.Debug|Any CPU.Build.0 = Debug|Any CPU
		{4A6999F6-63EA-423E-B968-AD40C9EF67AF}.Release|Any CPU.ActiveCfg = Release|Any CPU
		{4A6999F6-63EA-423E-B968-AD40C9EF67AF}.Release|Any CPU.Build.0 = Release|Any CPU
		{9D4F255D-8200-42AD-9824-4AA02E3A3663}.Debug|Any CPU.ActiveCfg = Debug|Any CPU
		{9D4F255D-8200-42AD-9824-4AA02E3A3663}.Debug|Any CPU.Build.0 = Debug|Any CPU
		{9D4F255D-8200-42AD-9824-4AA02E3A3663}.Release|Any CPU.ActiveCfg = Release|Any CPU
		{9D4F255D-8200-42AD-9824-4AA02E3A3663}.Release|Any CPU.Build.0 = Release|Any CPU
		{0F3182D9-7F1E-421D-8410-A29E917600DE}.Debug|Any CPU.ActiveCfg = Debug|Any CPU
		{0F3182D9-7F1E-421D-8410-A29E917600DE}.Debug|Any CPU.Build.0 = Debug|Any CPU
		{0F3182D9-7F1E-421D-8410-A29E917600DE}.Release|Any CPU.ActiveCfg = Release|Any CPU
		{0F3182D9-7F1E-421D-8410-A29E917600DE}.Release|Any CPU.Build.0 = Release|Any CPU
	EndGlobalSection
	GlobalSection(SolutionProperties) = preSolution
		HideSolutionNode = FALSE
	EndGlobalSection
EndGlobal
