
Microsoft Visual Studio Solution File, Format Version 12.00
# Visual Studio 2012
Project("{FAE04EC0-301F-11D3-BF4B-00C04F79EFBC}") = "Kaazing.Robot", "Kaazing.Robot.csproj", "{49CBA494-1F55-4D25-986B-B84269F72585}"
EndProject
Global
	GlobalSection(SolutionConfigurationPlatforms) = preSolution
		Debug|Any CPU = Debug|Any CPU
		Release|Any CPU = Release|Any CPU
	EndGlobalSection
	GlobalSection(ProjectConfigurationPlatforms) = postSolution
		{49CBA494-1F55-4D25-986B-B84269F72585}.Debug|Any CPU.ActiveCfg = Debug|Any CPU
		{49CBA494-1F55-4D25-986B-B84269F72585}.Debug|Any CPU.Build.0 = Debug|Any CPU
		{49CBA494-1F55-4D25-986B-B84269F72585}.Release|Any CPU.ActiveCfg = Release|Any CPU
		{49CBA494-1F55-4D25-986B-B84269F72585}.Release|Any CPU.Build.0 = Release|Any CPU
	EndGlobalSection
	GlobalSection(SolutionProperties) = preSolution
		HideSolutionNode = FALSE
	EndGlobalSection
EndGlobal
